###################################################################################################
##
##  DO NOT EDIT THIS FILE.
##  This is a locked requirements file generated by pyorbs.
##
##  Requirements hash: 09838271394e2e9963a2a75b99aaef1241f233b44d0347e5ba1eba7532c8588b
##
###################################################################################################
-e .
aiohappyeyeballs==2.7.1
aiohttp==3.14.1
aiosignal==1.4.0
alabaster==1.0.0
asttokens==3.0.1
attrs==26.1.0
babel==2.18.0
beautifulsoup4==4.15.0
bleach==6.4.0
boto3==1.43.17
boto3-stubs==1.43.17
botocore==1.43.40
botocore-stubs==1.43.14
certifi==2026.6.17
cffi==2.0.0
charset-normalizer==3.4.8
comm==0.2.3
cryptography==49.0.0
curlify==3.0.0
db-dtypes==1.7.0
debugpy==1.8.21
decorator==5.3.1
defusedxml==0.7.1
docutils==0.21.2
executing==2.2.1
facebook_business==25.0.1
fastjsonschema==2.21.2
frozenlist==1.8.0
google-ads==31.1.0
google-api-core==2.31.0
google-api-python-client==2.197.0
google-auth==2.53.0
google-auth-httplib2==0.4.0
google-auth-oauthlib==1.4.0
google-cloud-bigquery==3.42.1
google-cloud-bigquery-storage==2.39.0
google-cloud-core==2.6.0
google-cloud-secret-manager==2.28.0
google-crc32c==1.8.0
google-resumable-media==2.10.0
googleapis-common-protos==1.75.0
grpc-google-iam-v1==0.14.4
grpcio==1.82.0
grpcio-status==1.82.0
httplib2==0.32.0
idna==3.18
imagesize==2.0.0
ipykernel==7.3.0
ipython==9.15.0
ipython_pygments_lexers==1.1.1
ipywidgets==8.1.8
jedi==0.20.0
Jinja2==3.1.6
jmespath==1.1.0
jsonschema==4.26.0
jsonschema-specifications==2025.9.1
jupyter-sphinx==0.5.3
jupyter_client==8.9.1
jupyter_core==5.9.1
jupyterlab_pygments==0.3.0
jupyterlab_widgets==3.0.16
logikal-docs==1.2.6
logikal-utils==1.9.0
MarkupSafe==3.0.3
matplotlib-inline==0.2.2
mistune==3.3.2
multidict==6.7.1
nbclient==0.11.0
nbconvert==7.17.1
nbformat==5.10.4
nest-asyncio2==1.7.2
numpy==2.5.1
oauthlib==3.3.1
packaging==26.2
pandas==3.0.3
pandas-gbq==0.35.0
pandas-stubs==3.0.3.260530
pandocfilters==1.5.1
parso==0.8.7
pexpect==4.9.0
pip==26.1.2
platformdirs==4.10.0
prompt_toolkit==3.0.52
propcache==0.5.2
proto-plus==1.28.0
protobuf==7.35.1
psutil==7.2.2
ptyprocess==0.7.0
pure_eval==0.2.3
pyarrow==24.0.0
pyasn1==0.6.3
pyasn1_modules==0.4.2
pycountry==26.2.16
pycparser==3.0
pydata-google-auth==1.9.1
Pygments==2.20.0
pyOpenSSL==26.3.0
pyparsing==3.3.2
python-dateutil==2.9.0.post0
PyYAML==6.0.3
pyzmq==27.1.0
referencing==0.37.0
requests==2.34.2
requests-oauthlib==2.0.0
roman-numerals==4.1.0
roman-numerals-py==4.1.0
rpds-py==2026.6.3
s3transfer==0.18.0
setuptools==83.0.0
six==1.17.0
snowballstemmer==3.1.1
soupsieve==2.8.4
Sphinx==8.2.3
sphinx_rtd_theme==3.1.0
sphinxcontrib-applehelp==2.0.0
sphinxcontrib-devhelp==2.0.0
sphinxcontrib-htmlhelp==2.1.0
sphinxcontrib-jquery==4.1
sphinxcontrib-jsmath==1.0.1
sphinxcontrib-qthelp==2.0.0
sphinxcontrib-serializinghtml==2.0.0
stack-data==0.6.3
termcolor==3.3.0
tinycss2==1.5.1
tornado==6.5.7
traitlets==5.15.1
types-awscrt==0.34.1
types-s3transfer==0.16.0
typing_extensions==4.16.0
uritemplate==4.2.0
urllib3==2.7.0
wcwidth==0.8.2
webencodings==0.5.1
wheel==0.47.0
widgetsnbextension==4.0.15
xdg-base-dirs==6.0.2
yarl==1.24.2
