###################################################################################################
##
##  DO NOT EDIT THIS FILE.
##  This is a locked requirements file generated by pyorbs.
##
##  Requirements hash: d743aaa3580df6a8e5da9bff340e968afa3b91428493ff28f748bba48df156ef
##
###################################################################################################
-e .
aiohttp==3.8.3
aiosignal==1.3.1
alabaster==0.7.13
asttokens==2.2.1
async-timeout==4.0.2
attrs==22.2.0
Babel==2.11.0
backcall==0.2.0
beautifulsoup4==4.11.1
bleach==6.0.0
boto3==1.26.57
boto3-stubs==1.26.57
botocore==1.29.57
botocore-stubs==1.29.57
cachetools==5.3.0
certifi==2022.12.7
charset-normalizer==2.1.1
comm==0.1.2
curlify==2.2.1
db-dtypes==1.0.5
debugpy==1.6.6
decorator==5.1.1
defusedxml==0.7.1
docutils==0.17.1
executing==1.2.0
facebook-business==15.0.2
fastjsonschema==2.16.2
frozenlist==1.3.3
google-api-core==2.11.0
google-api-python-client==2.74.0
google-api-python-client-stubs==1.15.0
google-auth==2.15.0
google-auth-httplib2==0.1.0
google-auth-stubs==0.2.0
google-cloud-bigquery==3.4.2
google-cloud-core==2.3.2
google-cloud-secret-manager==2.15.1
google-crc32c==1.5.0
google-resumable-media==2.4.1
googleapis-common-protos==1.58.0
grpc-google-iam-v1==0.12.6
grpc-stubs==1.24.12
grpcio==1.51.1
grpcio-status==1.51.1
httplib2==0.21.0
idna==3.4
imagesize==1.4.1
importlib-metadata==6.0.0
importlib-resources==5.10.2
ipykernel==6.20.2
ipython==8.8.0
ipywidgets==8.0.4
jedi==0.18.2
Jinja2==3.1.2
jmespath==1.0.1
jsonschema==4.17.3
jupyter-sphinx==0.4.0
jupyter_client==8.0.0
jupyter_core==5.1.5
jupyterlab-pygments==0.2.2
jupyterlab-widgets==3.0.5
logikal-docs==1.1.3
MarkupSafe==2.1.2
matplotlib-inline==0.1.6
mistune==2.0.4
multidict==6.0.4
nbclient==0.7.2
nbconvert==7.2.9
nbformat==5.7.3
nest-asyncio==1.5.6
numpy==1.24.1
packaging==23.0
pandas==1.5.3
pandas-stubs==1.5.2.230105
pandocfilters==1.5.0
parso==0.8.3
pexpect==4.8.0
pickleshare==0.7.5
pip==22.3.1
pkgutil_resolve_name==1.3.10
platformdirs==2.6.2
prompt-toolkit==3.0.36
proto-plus==1.22.2
protobuf==4.21.12
psutil==5.9.4
ptyprocess==0.7.0
pure-eval==0.2.2
pyarrow==10.0.1
pyasn1==0.4.8
pyasn1-modules==0.2.8
pycountry==22.3.5
Pygments==2.14.0
pyparsing==3.0.9
pyrsistent==0.19.3
python-dateutil==2.8.2
pytz==2022.7.1
pyzmq==25.0.0
requests==2.28.2
rsa==4.9
s3transfer==0.6.0
setuptools==44.0.0
six==1.16.0
snowballstemmer==2.2.0
soupsieve==2.3.2.post1
Sphinx==5.3.0
sphinx-rtd-theme==1.1.1
sphinxcontrib-applehelp==1.0.4
sphinxcontrib-devhelp==1.0.2
sphinxcontrib-htmlhelp==2.0.0
sphinxcontrib-jsmath==1.0.1
sphinxcontrib-qthelp==1.0.3
sphinxcontrib-serializinghtml==1.1.5
stack-data==0.6.2
tinycss2==1.2.1
tomli==2.0.1
tornado==6.2
traitlets==5.8.1
types-awscrt==0.16.4
types-pytz==2022.7.1.0
types-requests==2.28.11.8
types-s3transfer==0.6.0.post5
types-urllib3==1.26.25.4
typing_extensions==4.4.0
uritemplate==4.1.1
urllib3==1.26.14
wcwidth==0.2.6
webencodings==0.5.1
wheel==0.38.4
widgetsnbextension==4.0.5
xdg==5.1.1
yarl==1.8.2
zipp==3.11.0
